
Microsoft Visual Studio Solution File, Format Version 12.00
# Visual Studio Version 17
VisualStudioVersion = 17.12.35707.178 d17.12
MinimumVisualStudioVersion = 10.0.40219.1
Project("{FAE04EC0-301F-11D3-BF4B-00C04F79EFBC}") = "Bimbelsharp", "Bimbelsharp.csproj", "{584BD20C-3522-48AD-A81D-275EAAC5A96E}"
EndProject
Global
	GlobalSection(SolutionConfigurationPlatforms) = preSolution
		Debug|Any CPU = Debug|Any CPU
		Release|Any CPU = Release|Any CPU
	EndGlobalSection
	GlobalSection(ProjectConfigurationPlatforms) = postSolution
		{584BD20C-3522-48AD-A81D-275EAAC5A96E}.Debug|Any CPU.ActiveCfg = Debug|Any CPU
		{584BD20C-3522-48AD-A81D-275EAAC5A96E}.Debug|Any CPU.Build.0 = Debug|Any CPU
		{584BD20C-3522-48AD-A81D-275EAAC5A96E}.Release|Any CPU.ActiveCfg = Release|Any CPU
		{584BD20C-3522-48AD-A81D-275EAAC5A96E}.Release|Any CPU.Build.0 = Release|Any CPU
	EndGlobalSection
	GlobalSection(SolutionProperties) = preSolution
		HideSolutionNode = FALSE
	EndGlobalSection
EndGlobal
